
Microsoft Visual Studio Solution File, Format Version 12.00
# Visual Studio Version 17
VisualStudioVersion = 17.14.36518.9 d17.14
MinimumVisualStudioVersion = 10.0.40219.1
Project("{FAE04EC0-301F-11D3-BF4B-00C04F79EFBC}") = "sisetec_pdv", "sisetec_pdv\sisetec_pdv.csproj", "{B1852BD9-25B0-49AE-BA63-15F554072D30}"
EndProject
Global
	GlobalSection(SolutionConfigurationPlatforms) = preSolution
		Debug|Any CPU = Debug|Any CPU
		Release|Any CPU = Release|Any CPU
	EndGlobalSection
	GlobalSection(ProjectConfigurationPlatforms) = postSolution
		{B1852BD9-25B0-49AE-BA63-15F554072D30}.Debug|Any CPU.ActiveCfg = Debug|Any CPU
		{B1852BD9-25B0-49AE-BA63-15F554072D30}.Debug|Any CPU.Build.0 = Debug|Any CPU
		{B1852BD9-25B0-49AE-BA63-15F554072D30}.Release|Any CPU.ActiveCfg = Release|Any CPU
		{B1852BD9-25B0-49AE-BA63-15F554072D30}.Release|Any CPU.Build.0 = Release|Any CPU
	EndGlobalSection
	GlobalSection(SolutionProperties) = preSolution
		HideSolutionNode = FALSE
	EndGlobalSection
	GlobalSection(ExtensibilityGlobals) = postSolution
		SolutionGuid = {B9FF0EBA-DD32-4E3D-AABC-7FBC463DE3B1}
	EndGlobalSection
EndGlobal
